// !$*UTF8*$!
{
	archiveVersion = 1;
	classes = {
	};
	objectVersion = 46;
	objects = {

/* Begin PBXBuildFile section */
		3F72A6661471BC9700F087F8 /* Cocoa.framework in Frameworks */ = {isa = PBXBuildFile; fileRef = 3F72A6651471BC9600F087F8 /* Cocoa.framework */; };
		3F72A6701471BC9700F087F8 /* InfoPlist.strings in Resources */ = {isa = PBXBuildFile; fileRef = 3F72A66E1471BC9700F087F8 /* InfoPlist.strings */; };
		3F72A6721471BC9700F087F8 /* main.m in Sources */ = {isa = PBXBuildFile; fileRef = 3F72A6711471BC9700F087F8 /* main.m */; };
		3F72A6761471BC9700F087F8 /* Credits.rtf in Resources */ = {isa = PBXBuildFile; fileRef = 3F72A6741471BC9700F087F8 /* Credits.rtf */; };
		3F72A6791471BC9700F087F8 /* AppDelegate.m in Sources */ = {isa = PBXBuildFile; fileRef = 3F72A6781471BC9700F087F8 /* AppDelegate.m */; };
		3F72A67C1471BC9700F087F8 /* MainMenu.xib in Resources */ = {isa = PBXBuildFile; fileRef = 3F72A67A1471BC9700F087F8 /* MainMenu.xib */; };
		3F72A6841471BE6000F087F8 /* JSONRPCService.m in Sources */ = {isa = PBXBuildFile; fileRef = 3F72A6831471BE6000F087F8 /* JSONRPCService.m */; };
		3F72A69C1471C8A600F087F8 /* JSONKit.m in Sources */ = {isa = PBXBuildFile; fileRef = 3F72A69B1471C8A600F087F8 /* JSONKit.m */; };
		3F72A6A31471CD0E00F087F8 /* JSON.png in Resources */ = {isa = PBXBuildFile; fileRef = 3F72A6A21471CD0E00F087F8 /* JSON.png */; };
/* End PBXBuildFile section */

/* Begin PBXFileReference section */
		3F72A6611471BC9600F087F8 /* JSONRPC Tester.app */ = {isa = PBXFileReference; explicitFileType = wrapper.application; includeInIndex = 0; path = "JSONRPC Tester.app"; sourceTree = BUILT_PRODUCTS_DIR; };
		3F72A6651471BC9600F087F8 /* Cocoa.framework */ = {isa = PBXFileReference; lastKnownFileType = wrapper.framework; name = Cocoa.framework; path = System/Library/Frameworks/Cocoa.framework; sourceTree = SDKROOT; };
		3F72A6681471BC9700F087F8 /* AppKit.framework */ = {isa = PBXFileReference; lastKnownFileType = wrapper.framework; name = AppKit.framework; path = System/Library/Frameworks/AppKit.framework; sourceTree = SDKROOT; };
		3F72A6691471BC9700F087F8 /* CoreData.framework */ = {isa = PBXFileReference; lastKnownFileType = wrapper.framework; name = CoreData.framework; path = System/Library/Frameworks/CoreData.framework; sourceTree = SDKROOT; };
		3F72A66A1471BC9700F087F8 /* Foundation.framework */ = {isa = PBXFileReference; lastKnownFileType = wrapper.framework; name = Foundation.framework; path = System/Library/Frameworks/Foundation.framework; sourceTree = SDKROOT; };
		3F72A66D1471BC9700F087F8 /* JSONRPC Tester-Info.plist */ = {isa = PBXFileReference; lastKnownFileType = text.plist.xml; path = "JSONRPC Tester-Info.plist"; sourceTree = "<group>"; };
		3F72A66F1471BC9700F087F8 /* en */ = {isa = PBXFileReference; lastKnownFileType = text.plist.strings; name = en; path = en.lproj/InfoPlist.strings; sourceTree = "<group>"; };
		3F72A6711471BC9700F087F8 /* main.m */ = {isa = PBXFileReference; lastKnownFileType = sourcecode.c.objc; path = main.m; sourceTree = "<group>"; };
		3F72A6731471BC9700F087F8 /* JSONRPC Tester-Prefix.pch */ = {isa = PBXFileReference; lastKnownFileType = sourcecode.c.h; path = "JSONRPC Tester-Prefix.pch"; sourceTree = "<group>"; };
		3F72A6751471BC9700F087F8 /* en */ = {isa = PBXFileReference; lastKnownFileType = text.rtf; name = en; path = en.lproj/Credits.rtf; sourceTree = "<group>"; };
		3F72A6771471BC9700F087F8 /* AppDelegate.h */ = {isa = PBXFileReference; lastKnownFileType = sourcecode.c.h; path = AppDelegate.h; sourceTree = "<group>"; };
		3F72A6781471BC9700F087F8 /* AppDelegate.m */ = {isa = PBXFileReference; lastKnownFileType = sourcecode.c.objc; path = AppDelegate.m; sourceTree = "<group>"; };
		3F72A67B1471BC9700F087F8 /* en */ = {isa = PBXFileReference; lastKnownFileType = file.xib; name = en; path = en.lproj/MainMenu.xib; sourceTree = "<group>"; };
		3F72A6821471BE6000F087F8 /* JSONRPCService.h */ = {isa = PBXFileReference; fileEncoding = 4; lastKnownFileType = sourcecode.c.h; path = JSONRPCService.h; sourceTree = "<group>"; };
		3F72A6831471BE6000F087F8 /* JSONRPCService.m */ = {isa = PBXFileReference; fileEncoding = 4; lastKnownFileType = sourcecode.c.objc; path = JSONRPCService.m; sourceTree = "<group>"; };
		3F72A69A1471C8A600F087F8 /* JSONKit.h */ = {isa = PBXFileReference; fileEncoding = 4; lastKnownFileType = sourcecode.c.h; path = JSONKit.h; sourceTree = "<group>"; };
		3F72A69B1471C8A600F087F8 /* JSONKit.m */ = {isa = PBXFileReference; fileEncoding = 4; lastKnownFileType = sourcecode.c.objc; path = JSONKit.m; sourceTree = "<group>"; };
		3F72A6A21471CD0E00F087F8 /* JSON.png */ = {isa = PBXFileReference; lastKnownFileType = image.png; path = JSON.png; sourceTree = "<group>"; };
/* End PBXFileReference section */

/* Begin PBXFrameworksBuildPhase section */
		3F72A65E1471BC9600F087F8 /* Frameworks */ = {
			isa = PBXFrameworksBuildPhase;
			buildActionMask = 2147483647;
			files = (
				3F72A6661471BC9700F087F8 /* Cocoa.framework in Frameworks */,
			);
			runOnlyForDeploymentPostprocessing = 0;
		};
/* End PBXFrameworksBuildPhase section */

/* Begin PBXGroup section */
		3F72A6561471BC9600F087F8 = {
			isa = PBXGroup;
			children = (
				3F72A6A21471CD0E00F087F8 /* JSON.png */,
				3F72A66B1471BC9700F087F8 /* JSONRPC Tester */,
				3F72A6641471BC9600F087F8 /* Frameworks */,
				3F72A6621471BC9600F087F8 /* Products */,
			);
			sourceTree = "<group>";
		};
		3F72A6621471BC9600F087F8 /* Products */ = {
			isa = PBXGroup;
			children = (
				3F72A6611471BC9600F087F8 /* JSONRPC Tester.app */,
			);
			name = Products;
			sourceTree = "<group>";
		};
		3F72A6641471BC9600F087F8 /* Frameworks */ = {
			isa = PBXGroup;
			children = (
				3F72A6651471BC9600F087F8 /* Cocoa.framework */,
				3F72A6671471BC9700F087F8 /* Other Frameworks */,
			);
			name = Frameworks;
			sourceTree = "<group>";
		};
		3F72A6671471BC9700F087F8 /* Other Frameworks */ = {
			isa = PBXGroup;
			children = (
				3F72A6681471BC9700F087F8 /* AppKit.framework */,
				3F72A6691471BC9700F087F8 /* CoreData.framework */,
				3F72A66A1471BC9700F087F8 /* Foundation.framework */,
			);
			name = "Other Frameworks";
			sourceTree = "<group>";
		};
		3F72A66B1471BC9700F087F8 /* JSONRPC Tester */ = {
			isa = PBXGroup;
			children = (
				3F72A69D1471C8AB00F087F8 /* JSONKit */,
				3F72A6851471BE6300F087F8 /* JSONRPC */,
				3F72A6771471BC9700F087F8 /* AppDelegate.h */,
				3F72A6781471BC9700F087F8 /* AppDelegate.m */,
				3F72A67A1471BC9700F087F8 /* MainMenu.xib */,
				3F72A66C1471BC9700F087F8 /* Supporting Files */,
			);
			path = "JSONRPC Tester";
			sourceTree = "<group>";
		};
		3F72A66C1471BC9700F087F8 /* Supporting Files */ = {
			isa = PBXGroup;
			children = (
				3F72A66D1471BC9700F087F8 /* JSONRPC Tester-Info.plist */,
				3F72A66E1471BC9700F087F8 /* InfoPlist.strings */,
				3F72A6711471BC9700F087F8 /* main.m */,
				3F72A6731471BC9700F087F8 /* JSONRPC Tester-Prefix.pch */,
				3F72A6741471BC9700F087F8 /* Credits.rtf */,
			);
			name = "Supporting Files";
			sourceTree = "<group>";
		};
		3F72A6851471BE6300F087F8 /* JSONRPC */ = {
			isa = PBXGroup;
			children = (
				3F72A6821471BE6000F087F8 /* JSONRPCService.h */,
				3F72A6831471BE6000F087F8 /* JSONRPCService.m */,
			);
			name = JSONRPC;
			sourceTree = "<group>";
		};
		3F72A69D1471C8AB00F087F8 /* JSONKit */ = {
			isa = PBXGroup;
			children = (
				3F72A69A1471C8A600F087F8 /* JSONKit.h */,
				3F72A69B1471C8A600F087F8 /* JSONKit.m */,
			);
			name = JSONKit;
			sourceTree = "<group>";
		};
/* End PBXGroup section */

/* Begin PBXNativeTarget section */
		3F72A6601471BC9600F087F8 /* JSONRPC Tester */ = {
			isa = PBXNativeTarget;
			buildConfigurationList = 3F72A67F1471BC9700F087F8 /* Build configuration list for PBXNativeTarget "JSONRPC Tester" */;
			buildPhases = (
				3F72A65D1471BC9600F087F8 /* Sources */,
				3F72A65E1471BC9600F087F8 /* Frameworks */,
				3F72A65F1471BC9600F087F8 /* Resources */,
			);
			buildRules = (
			);
			dependencies = (
			);
			name = "JSONRPC Tester";
			productName = "JSONRPC Tester";
			productReference = 3F72A6611471BC9600F087F8 /* JSONRPC Tester.app */;
			productType = "com.apple.product-type.application";
		};
/* End PBXNativeTarget section */

/* Begin PBXProject section */
		3F72A6581471BC9600F087F8 /* Project object */ = {
			isa = PBXProject;
			attributes = {
				LastUpgradeCheck = 0420;
			};
			buildConfigurationList = 3F72A65B1471BC9600F087F8 /* Build configuration list for PBXProject "JSONRPC Tester" */;
			compatibilityVersion = "Xcode 3.2";
			developmentRegion = English;
			hasScannedForEncodings = 0;
			knownRegions = (
				en,
			);
			mainGroup = 3F72A6561471BC9600F087F8;
			productRefGroup = 3F72A6621471BC9600F087F8 /* Products */;
			projectDirPath = "";
			projectRoot = "";
			targets = (
				3F72A6601471BC9600F087F8 /* JSONRPC Tester */,
			);
		};
/* End PBXProject section */

/* Begin PBXResourcesBuildPhase section */
		3F72A65F1471BC9600F087F8 /* Resources */ = {
			isa = PBXResourcesBuildPhase;
			buildActionMask = 2147483647;
			files = (
				3F72A6701471BC9700F087F8 /* InfoPlist.strings in Resources */,
				3F72A6761471BC9700F087F8 /* Credits.rtf in Resources */,
				3F72A67C1471BC9700F087F8 /* MainMenu.xib in Resources */,
				3F72A6A31471CD0E00F087F8 /* JSON.png in Resources */,
			);
			runOnlyForDeploymentPostprocessing = 0;
		};
/* End PBXResourcesBuildPhase section */

/* Begin PBXSourcesBuildPhase section */
		3F72A65D1471BC9600F087F8 /* Sources */ = {
			isa = PBXSourcesBuildPhase;
			buildActionMask = 2147483647;
			files = (
				3F72A6721471BC9700F087F8 /* main.m in Sources */,
				3F72A6791471BC9700F087F8 /* AppDelegate.m in Sources */,
				3F72A6841471BE6000F087F8 /* JSONRPCService.m in Sources */,
				3F72A69C1471C8A600F087F8 /* JSONKit.m in Sources */,
			);
			runOnlyForDeploymentPostprocessing = 0;
		};
/* End PBXSourcesBuildPhase section */

/* Begin PBXVariantGroup section */
		3F72A66E1471BC9700F087F8 /* InfoPlist.strings */ = {
			isa = PBXVariantGroup;
			children = (
				3F72A66F1471BC9700F087F8 /* en */,
			);
			name = InfoPlist.strings;
			sourceTree = "<group>";
		};
		3F72A6741471BC9700F087F8 /* Credits.rtf */ = {
			isa = PBXVariantGroup;
			children = (
				3F72A6751471BC9700F087F8 /* en */,
			);
			name = Credits.rtf;
			sourceTree = "<group>";
		};
		3F72A67A1471BC9700F087F8 /* MainMenu.xib */ = {
			isa = PBXVariantGroup;
			children = (
				3F72A67B1471BC9700F087F8 /* en */,
			);
			name = MainMenu.xib;
			sourceTree = "<group>";
		};
/* End PBXVariantGroup section */

/* Begin XCBuildConfiguration section */
		3F72A67D1471BC9700F087F8 /* Debug */ = {
			isa = XCBuildConfiguration;
			buildSettings = {
				ALWAYS_SEARCH_USER_PATHS = NO;
				ARCHS = "$(ARCHS_STANDARD_64_BIT)";
				COPY_PHASE_STRIP = NO;
				GCC_C_LANGUAGE_STANDARD = gnu99;
				GCC_DYNAMIC_NO_PIC = NO;
				GCC_ENABLE_OBJC_EXCEPTIONS = YES;
				GCC_OPTIMIZATION_LEVEL = 0;
				GCC_PREPROCESSOR_DEFINITIONS = (
					"DEBUG=1",
					"$(inherited)",
				);
				GCC_SYMBOLS_PRIVATE_EXTERN = NO;
				GCC_VERSION = com.apple.compilers.llvm.clang.1_0;
				GCC_WARN_64_TO_32_BIT_CONVERSION = YES;
				GCC_WARN_ABOUT_MISSING_PROTOTYPES = YES;
				GCC_WARN_ABOUT_RETURN_TYPE = YES;
				GCC_WARN_UNUSED_VARIABLE = YES;
				MACOSX_DEPLOYMENT_TARGET = 10.7;
				ONLY_ACTIVE_ARCH = YES;
				SDKROOT = macosx;
			};
			name = Debug;
		};
		3F72A67E1471BC9700F087F8 /* Release */ = {
			isa = XCBuildConfiguration;
			buildSettings = {
				ALWAYS_SEARCH_USER_PATHS = NO;
				ARCHS = "$(ARCHS_STANDARD_64_BIT)";
				COPY_PHASE_STRIP = YES;
				DEBUG_INFORMATION_FORMAT = "dwarf-with-dsym";
				GCC_C_LANGUAGE_STANDARD = gnu99;
				GCC_ENABLE_OBJC_EXCEPTIONS = YES;
				GCC_VERSION = com.apple.compilers.llvm.clang.1_0;
				GCC_WARN_64_TO_32_BIT_CONVERSION = YES;
				GCC_WARN_ABOUT_MISSING_PROTOTYPES = YES;
				GCC_WARN_ABOUT_RETURN_TYPE = YES;
				GCC_WARN_UNUSED_VARIABLE = YES;
				MACOSX_DEPLOYMENT_TARGET = 10.7;
				SDKROOT = macosx;
			};
			name = Release;
		};
		3F72A6801471BC9700F087F8 /* Debug */ = {
			isa = XCBuildConfiguration;
			buildSettings = {
				GCC_PRECOMPILE_PREFIX_HEADER = YES;
				GCC_PREFIX_HEADER = "JSONRPC Tester/JSONRPC Tester-Prefix.pch";
				INFOPLIST_FILE = "JSONRPC Tester/JSONRPC Tester-Info.plist";
				MACOSX_DEPLOYMENT_TARGET = 10.5;
				PRODUCT_NAME = "$(TARGET_NAME)";
				WRAPPER_EXTENSION = app;
			};
			name = Debug;
		};
		3F72A6811471BC9700F087F8 /* Release */ = {
			isa = XCBuildConfiguration;
			buildSettings = {
				GCC_PRECOMPILE_PREFIX_HEADER = YES;
				GCC_PREFIX_HEADER = "JSONRPC Tester/JSONRPC Tester-Prefix.pch";
				INFOPLIST_FILE = "JSONRPC Tester/JSONRPC Tester-Info.plist";
				MACOSX_DEPLOYMENT_TARGET = 10.5;
				PRODUCT_NAME = "$(TARGET_NAME)";
				WRAPPER_EXTENSION = app;
			};
			name = Release;
		};
/* End XCBuildConfiguration section */

/* Begin XCConfigurationList section */
		3F72A65B1471BC9600F087F8 /* Build configuration list for PBXProject "JSONRPC Tester" */ = {
			isa = XCConfigurationList;
			buildConfigurations = (
				3F72A67D1471BC9700F087F8 /* Debug */,
				3F72A67E1471BC9700F087F8 /* Release */,
			);
			defaultConfigurationIsVisible = 0;
			defaultConfigurationName = Release;
		};
		3F72A67F1471BC9700F087F8 /* Build configuration list for PBXNativeTarget "JSONRPC Tester" */ = {
			isa = XCConfigurationList;
			buildConfigurations = (
				3F72A6801471BC9700F087F8 /* Debug */,
				3F72A6811471BC9700F087F8 /* Release */,
			);
			defaultConfigurationIsVisible = 0;
			defaultConfigurationName = Release;
		};
/* End XCConfigurationList section */
	};
	rootObject = 3F72A6581471BC9600F087F8 /* Project object */;
}
